Microsoft Visual Studio Solution File, Format Version 10.00
# Visual Studio 2008
Project("{8BC9CEB8-8B4A-11D0-8D11-00A0C91BC942}") = "__homedir", "plugins\__homedir\__homedir.vcproj", "{1392544A-A313-4EA6-B9C8-901452570807}"
	ProjectSection(ProjectDependencies) = postProject
		{438ECB60-E207-4DB8-A46A-1EC2EA9A714A} = {438ECB60-E207-4DB8-A46A-1EC2EA9A714A}
		{C152FFE3-3C84-4957-BDCC-63334E6FFA9E} = {C152FFE3-3C84-4957-BDCC-63334E6FFA9E}
	EndProjectSection
EndProject
Project("{8BC9CEB8-8B4A-11D0-8D11-00A0C91BC942}") = "__migrate", "plugins\__migrate\__migrate.vcproj", "{CF4E5053-D51F-4CEB-833C-C6D3233E7403}"
	ProjectSection(ProjectDependencies) = postProject
		{438ECB60-E207-4DB8-A46A-1EC2EA9A714A} = {438ECB60-E207-4DB8-A46A-1EC2EA9A714A}
		{C152FFE3-3C84-4957-BDCC-63334E6FFA9E} = {C152FFE3-3C84-4957-BDCC-63334E6FFA9E}
	EndProjectSection
EndProject
Project("{8BC9CEB8-8B4A-11D0-8D11-00A0C91BC942}") = "_core", "plugins\_core\_core.vcproj", "{438ECB60-E207-4DB8-A46A-1EC2EA9A714A}"
	ProjectSection(ProjectDependencies) = postProject
		{C152FFE3-3C84-4957-BDCC-63334E6FFA9E} = {C152FFE3-3C84-4957-BDCC-63334E6FFA9E}
	EndProjectSection
EndProject
Project("{8BC9CEB8-8B4A-11D0-8D11-00A0C91BC942}") = "about", "plugins\about\about.vcproj", "{8ED9356B-88AA-4B57-BB2A-083D18BB9C41}"
	ProjectSection(ProjectDependencies) = postProject
		{438ECB60-E207-4DB8-A46A-1EC2EA9A714A} = {438ECB60-E207-4DB8-A46A-1EC2EA9A714A}
		{C152FFE3-3C84-4957-BDCC-63334E6FFA9E} = {C152FFE3-3C84-4957-BDCC-63334E6FFA9E}
	EndProjectSection
EndProject
Project("{8BC9CEB8-8B4A-11D0-8D11-00A0C91BC942}") = "action", "plugins\action\action.vcproj", "{CE17E460-A8AD-4FFE-B015-A6FC62711D77}"
	ProjectSection(ProjectDependencies) = postProject
		{438ECB60-E207-4DB8-A46A-1EC2EA9A714A} = {438ECB60-E207-4DB8-A46A-1EC2EA9A714A}
		{C152FFE3-3C84-4957-BDCC-63334E6FFA9E} = {C152FFE3-3C84-4957-BDCC-63334E6FFA9E}
	EndProjectSection
EndProject
Project("{8BC9CEB8-8B4A-11D0-8D11-00A0C91BC942}") = "autoaway", "plugins\autoaway\autoaway.vcproj", "{F669BC66-F5B8-4972-96C0-137A7D1E3C1D}"
	ProjectSection(ProjectDependencies) = postProject
		{438ECB60-E207-4DB8-A46A-1EC2EA9A714A} = {438ECB60-E207-4DB8-A46A-1EC2EA9A714A}
		{C152FFE3-3C84-4957-BDCC-63334E6FFA9E} = {C152FFE3-3C84-4957-BDCC-63334E6FFA9E}
	EndProjectSection
EndProject
Project("{8BC9CEB8-8B4A-11D0-8D11-00A0C91BC942}") = "background", "plugins\background\background.vcproj", "{0C280015-23BB-49B1-9595-B31637048288}"
	ProjectSection(ProjectDependencies) = postProject
		{438ECB60-E207-4DB8-A46A-1EC2EA9A714A} = {438ECB60-E207-4DB8-A46A-1EC2EA9A714A}
		{C152FFE3-3C84-4957-BDCC-63334E6FFA9E} = {C152FFE3-3C84-4957-BDCC-63334E6FFA9E}
	EndProjectSection
EndProject
Project("{8BC9CEB8-8B4A-11D0-8D11-00A0C91BC942}") = "dock", "plugins\dock\dock.vcproj", "{79C5410A-0F63-453C-9EB6-577A60316146}"
	ProjectSection(ProjectDependencies) = postProject
		{438ECB60-E207-4DB8-A46A-1EC2EA9A714A} = {438ECB60-E207-4DB8-A46A-1EC2EA9A714A}
		{C152FFE3-3C84-4957-BDCC-63334E6FFA9E} = {C152FFE3-3C84-4957-BDCC-63334E6FFA9E}
	EndProjectSection
EndProject
Project("{8BC9CEB8-8B4A-11D0-8D11-00A0C91BC942}") = "filter", "plugins\filter\filter.vcproj", "{16084934-2715-41A5-8206-77BA3B2722FA}"
	ProjectSection(ProjectDependencies) = postProject
		{438ECB60-E207-4DB8-A46A-1EC2EA9A714A} = {438ECB60-E207-4DB8-A46A-1EC2EA9A714A}
		{C152FFE3-3C84-4957-BDCC-63334E6FFA9E} = {C152FFE3-3C84-4957-BDCC-63334E6FFA9E}
	EndProjectSection
EndProject
Project("{8BC9CEB8-8B4A-11D0-8D11-00A0C91BC942}") = "floaty", "plugins\floaty\floaty.vcproj", "{9204D5B1-55E6-4F3B-B373-8C3B04C53F1A}"
	ProjectSection(ProjectDependencies) = postProject
		{438ECB60-E207-4DB8-A46A-1EC2EA9A714A} = {438ECB60-E207-4DB8-A46A-1EC2EA9A714A}
		{C152FFE3-3C84-4957-BDCC-63334E6FFA9E} = {C152FFE3-3C84-4957-BDCC-63334E6FFA9E}
	EndProjectSection
EndProject
Project("{8BC9CEB8-8B4A-11D0-8D11-00A0C91BC942}") = "forward", "plugins\forward\forward.vcproj", "{E01C75FA-688F-4C00-8206-4EA9D96E3D51}"
	ProjectSection(ProjectDependencies) = postProject
		{438ECB60-E207-4DB8-A46A-1EC2EA9A714A} = {438ECB60-E207-4DB8-A46A-1EC2EA9A714A}
		{C152FFE3-3C84-4957-BDCC-63334E6FFA9E} = {C152FFE3-3C84-4957-BDCC-63334E6FFA9E}
	EndProjectSection
EndProject
Project("{8BC9CEB8-8B4A-11D0-8D11-00A0C91BC942}") = "gpg", "plugins\gpg\gpg.vcproj", "{A4998686-1646-4A03-A3CE-3C7D7CE462EE}"
	ProjectSection(ProjectDependencies) = postProject
		{438ECB60-E207-4DB8-A46A-1EC2EA9A714A} = {438ECB60-E207-4DB8-A46A-1EC2EA9A714A}
		{C152FFE3-3C84-4957-BDCC-63334E6FFA9E} = {C152FFE3-3C84-4957-BDCC-63334E6FFA9E}
	EndProjectSection
EndProject
Project("{8BC9CEB8-8B4A-11D0-8D11-00A0C91BC942}") = "icons", "plugins\icons\icons.vcproj", "{C2F03B07-FDA9-40C1-81AA-E97A5FE98E9D}"
	ProjectSection(ProjectDependencies) = postProject
		{438ECB60-E207-4DB8-A46A-1EC2EA9A714A} = {438ECB60-E207-4DB8-A46A-1EC2EA9A714A}
		{C152FFE3-3C84-4957-BDCC-63334E6FFA9E} = {C152FFE3-3C84-4957-BDCC-63334E6FFA9E}
	EndProjectSection
EndProject
Project("{8BC9CEB8-8B4A-11D0-8D11-00A0C91BC942}") = "icq", "plugins\icq\icq.vcproj", "{BDA90145-2871-4832-AB64-87C20F0CD526}"
	ProjectSection(ProjectDependencies) = postProject
		{438ECB60-E207-4DB8-A46A-1EC2EA9A714A} = {438ECB60-E207-4DB8-A46A-1EC2EA9A714A}
		{C152FFE3-3C84-4957-BDCC-63334E6FFA9E} = {C152FFE3-3C84-4957-BDCC-63334E6FFA9E}
	EndProjectSection
EndProject
Project("{8BC9CEB8-8B4A-11D0-8D11-00A0C91BC942}") = "jabber", "plugins\jabber\jabber.vcproj", "{5CA24B5A-D161-41B1-8D0E-BEC53807CC0F}"
	ProjectSection(ProjectDependencies) = postProject
		{438ECB60-E207-4DB8-A46A-1EC2EA9A714A} = {438ECB60-E207-4DB8-A46A-1EC2EA9A714A}
		{C152FFE3-3C84-4957-BDCC-63334E6FFA9E} = {C152FFE3-3C84-4957-BDCC-63334E6FFA9E}
	EndProjectSection
EndProject
Project("{8BC9CEB8-8B4A-11D0-8D11-00A0C91BC942}") = "livejournal", "plugins\livejournal\livejournal.vcproj", "{5F8030EE-C6ED-4B41-A733-99270E4482C4}"
	ProjectSection(ProjectDependencies) = postProject
		{438ECB60-E207-4DB8-A46A-1EC2EA9A714A} = {438ECB60-E207-4DB8-A46A-1EC2EA9A714A}
		{C152FFE3-3C84-4957-BDCC-63334E6FFA9E} = {C152FFE3-3C84-4957-BDCC-63334E6FFA9E}
	EndProjectSection
EndProject
Project("{8BC9CEB8-8B4A-11D0-8D11-00A0C91BC942}") = "logger", "plugins\logger\logger.vcproj", "{ADB0F409-4880-4887-8B38-1DE8E53408B5}"
	ProjectSection(ProjectDependencies) = postProject
		{438ECB60-E207-4DB8-A46A-1EC2EA9A714A} = {438ECB60-E207-4DB8-A46A-1EC2EA9A714A}
		{C152FFE3-3C84-4957-BDCC-63334E6FFA9E} = {C152FFE3-3C84-4957-BDCC-63334E6FFA9E}
	EndProjectSection
EndProject
Project("{8BC9CEB8-8B4A-11D0-8D11-00A0C91BC942}") = "msn", "plugins\msn\msn.vcproj", "{55C7576B-D370-4811-ABFB-F911D2410E5C}"
	ProjectSection(ProjectDependencies) = postProject
		{438ECB60-E207-4DB8-A46A-1EC2EA9A714A} = {438ECB60-E207-4DB8-A46A-1EC2EA9A714A}
		{C152FFE3-3C84-4957-BDCC-63334E6FFA9E} = {C152FFE3-3C84-4957-BDCC-63334E6FFA9E}
	EndProjectSection
EndProject
Project("{8BC9CEB8-8B4A-11D0-8D11-00A0C91BC942}") = "navigate", "plugins\navigate\navigate.vcproj", "{AABD39D5-DB6F-43F6-A980-A1BC1132A9F2}"
	ProjectSection(ProjectDependencies) = postProject
		{438ECB60-E207-4DB8-A46A-1EC2EA9A714A} = {438ECB60-E207-4DB8-A46A-1EC2EA9A714A}
		{C152FFE3-3C84-4957-BDCC-63334E6FFA9E} = {C152FFE3-3C84-4957-BDCC-63334E6FFA9E}
	EndProjectSection
EndProject
Project("{8BC9CEB8-8B4A-11D0-8D11-00A0C91BC942}") = "netmonitor", "plugins\netmonitor\netmonitor.vcproj", "{6136531A-4E7C-41BD-856B-2749FDAF44B1}"
	ProjectSection(ProjectDependencies) = postProject
		{438ECB60-E207-4DB8-A46A-1EC2EA9A714A} = {438ECB60-E207-4DB8-A46A-1EC2EA9A714A}
		{C152FFE3-3C84-4957-BDCC-63334E6FFA9E} = {C152FFE3-3C84-4957-BDCC-63334E6FFA9E}
	EndProjectSection
EndProject
Project("{8BC9CEB8-8B4A-11D0-8D11-00A0C91BC942}") = "ontop", "plugins\ontop\ontop.vcproj", "{1447D222-8829-4F93-B8BF-1636C0E2C4CF}"
	ProjectSection(ProjectDependencies) = postProject
		{438ECB60-E207-4DB8-A46A-1EC2EA9A714A} = {438ECB60-E207-4DB8-A46A-1EC2EA9A714A}
		{C152FFE3-3C84-4957-BDCC-63334E6FFA9E} = {C152FFE3-3C84-4957-BDCC-63334E6FFA9E}
	EndProjectSection
EndProject
Project("{8BC9CEB8-8B4A-11D0-8D11-00A0C91BC942}") = "osd", "plugins\osd\osd.vcproj", "{93701E41-C716-4345-A1CF-59300BEED9A8}"
	ProjectSection(ProjectDependencies) = postProject
		{438ECB60-E207-4DB8-A46A-1EC2EA9A714A} = {438ECB60-E207-4DB8-A46A-1EC2EA9A714A}
		{C152FFE3-3C84-4957-BDCC-63334E6FFA9E} = {C152FFE3-3C84-4957-BDCC-63334E6FFA9E}
	EndProjectSection
EndProject
Project("{8BC9CEB8-8B4A-11D0-8D11-00A0C91BC942}") = "proxy", "plugins\proxy\proxy.vcproj", "{770A6EF4-5C46-4471-A369-7095C773063E}"
	ProjectSection(ProjectDependencies) = postProject
		{438ECB60-E207-4DB8-A46A-1EC2EA9A714A} = {438ECB60-E207-4DB8-A46A-1EC2EA9A714A}
		{C152FFE3-3C84-4957-BDCC-63334E6FFA9E} = {C152FFE3-3C84-4957-BDCC-63334E6FFA9E}
	EndProjectSection
EndProject
Project("{8BC9CEB8-8B4A-11D0-8D11-00A0C91BC942}") = "remote", "plugins\remote\remote.vcproj", "{B9BEA7D7-C7E8-42D2-85DF-801FA70D6F5B}"
	ProjectSection(ProjectDependencies) = postProject
		{438ECB60-E207-4DB8-A46A-1EC2EA9A714A} = {438ECB60-E207-4DB8-A46A-1EC2EA9A714A}
		{C152FFE3-3C84-4957-BDCC-63334E6FFA9E} = {C152FFE3-3C84-4957-BDCC-63334E6FFA9E}
	EndProjectSection
EndProject
Project("{8BC9CEB8-8B4A-11D0-8D11-00A0C91BC942}") = "replace", "plugins\replace\replace.vcproj", "{54EB786B-2F50-4E08-BF00-D2A38CCC4D37}"
	ProjectSection(ProjectDependencies) = postProject
		{438ECB60-E207-4DB8-A46A-1EC2EA9A714A} = {438ECB60-E207-4DB8-A46A-1EC2EA9A714A}
		{C152FFE3-3C84-4957-BDCC-63334E6FFA9E} = {C152FFE3-3C84-4957-BDCC-63334E6FFA9E}
	EndProjectSection
EndProject
Project("{8BC9CEB8-8B4A-11D0-8D11-00A0C91BC942}") = "shortcuts", "plugins\shortcuts\shortcuts.vcproj", "{DAA8DD15-2B68-4660-BA90-CC72C2E263C9}"
	ProjectSection(ProjectDependencies) = postProject
		{438ECB60-E207-4DB8-A46A-1EC2EA9A714A} = {438ECB60-E207-4DB8-A46A-1EC2EA9A714A}
		{C152FFE3-3C84-4957-BDCC-63334E6FFA9E} = {C152FFE3-3C84-4957-BDCC-63334E6FFA9E}
	EndProjectSection
EndProject
Project("{8BC9CEB8-8B4A-11D0-8D11-00A0C91BC942}") = "sim", "sim.vcproj", "{C152FFE3-3C84-4957-BDCC-63334E6FFA9E}"
EndProject
Project("{8BC9CEB8-8B4A-11D0-8D11-00A0C91BC942}") = "sms", "plugins\sms\sms.vcproj", "{A5B0A6B1-9D82-441E-9C14-120A0CE1630D}"
	ProjectSection(ProjectDependencies) = postProject
		{438ECB60-E207-4DB8-A46A-1EC2EA9A714A} = {438ECB60-E207-4DB8-A46A-1EC2EA9A714A}
		{C152FFE3-3C84-4957-BDCC-63334E6FFA9E} = {C152FFE3-3C84-4957-BDCC-63334E6FFA9E}
	EndProjectSection
EndProject
Project("{8BC9CEB8-8B4A-11D0-8D11-00A0C91BC942}") = "sound", "plugins\sound\sound.vcproj", "{A601598F-D37E-4161-9512-DFB4E2EE3ACB}"
	ProjectSection(ProjectDependencies) = postProject
		{438ECB60-E207-4DB8-A46A-1EC2EA9A714A} = {438ECB60-E207-4DB8-A46A-1EC2EA9A714A}
		{C152FFE3-3C84-4957-BDCC-63334E6FFA9E} = {C152FFE3-3C84-4957-BDCC-63334E6FFA9E}
	EndProjectSection
EndProject
Project("{8BC9CEB8-8B4A-11D0-8D11-00A0C91BC942}") = "spell", "plugins\spell\spell.vcproj", "{ED390F62-EE26-416C-A501-80EC38BEBDA0}"
	ProjectSection(ProjectDependencies) = postProject
		{438ECB60-E207-4DB8-A46A-1EC2EA9A714A} = {438ECB60-E207-4DB8-A46A-1EC2EA9A714A}
		{C152FFE3-3C84-4957-BDCC-63334E6FFA9E} = {C152FFE3-3C84-4957-BDCC-63334E6FFA9E}
	EndProjectSection
EndProject
Project("{8BC9CEB8-8B4A-11D0-8D11-00A0C91BC942}") = "splash", "plugins\splash\splash.vcproj", "{3F562E9B-B0CB-4D06-9DE2-F28C3066BD6F}"
	ProjectSection(ProjectDependencies) = postProject
		{438ECB60-E207-4DB8-A46A-1EC2EA9A714A} = {438ECB60-E207-4DB8-A46A-1EC2EA9A714A}
		{C152FFE3-3C84-4957-BDCC-63334E6FFA9E} = {C152FFE3-3C84-4957-BDCC-63334E6FFA9E}
	EndProjectSection
EndProject
Project("{8BC9CEB8-8B4A-11D0-8D11-00A0C91BC942}") = "styles", "plugins\styles\styles.vcproj", "{C78169EE-7720-4DA2-B62B-30BC73E91CE0}"
	ProjectSection(ProjectDependencies) = postProject
		{B5336A5B-C4AF-485A-9A31-BCB89A6EE613} = {B5336A5B-C4AF-485A-9A31-BCB89A6EE613}
		{438ECB60-E207-4DB8-A46A-1EC2EA9A714A} = {438ECB60-E207-4DB8-A46A-1EC2EA9A714A}
		{B731028E-4BE4-46A3-BBAA-5F47D637829E} = {B731028E-4BE4-46A3-BBAA-5F47D637829E}
		{C152FFE3-3C84-4957-BDCC-63334E6FFA9E} = {C152FFE3-3C84-4957-BDCC-63334E6FFA9E}
	EndProjectSection
EndProject
Project("{8BC9CEB8-8B4A-11D0-8D11-00A0C91BC942}") = "update", "plugins\update\update.vcproj", "{C0B42E01-C6EF-478F-87E5-406CD89E31D6}"
	ProjectSection(ProjectDependencies) = postProject
		{438ECB60-E207-4DB8-A46A-1EC2EA9A714A} = {438ECB60-E207-4DB8-A46A-1EC2EA9A714A}
		{C152FFE3-3C84-4957-BDCC-63334E6FFA9E} = {C152FFE3-3C84-4957-BDCC-63334E6FFA9E}
	EndProjectSection
EndProject
Project("{8BC9CEB8-8B4A-11D0-8D11-00A0C91BC942}") = "weather", "plugins\weather\weather.vcproj", "{CD684F73-6869-4873-9086-15AB68D6A485}"
	ProjectSection(ProjectDependencies) = postProject
		{438ECB60-E207-4DB8-A46A-1EC2EA9A714A} = {438ECB60-E207-4DB8-A46A-1EC2EA9A714A}
		{C152FFE3-3C84-4957-BDCC-63334E6FFA9E} = {C152FFE3-3C84-4957-BDCC-63334E6FFA9E}
	EndProjectSection
EndProject
Project("{8BC9CEB8-8B4A-11D0-8D11-00A0C91BC942}") = "windock", "plugins\windock\windock.vcproj", "{ED537124-81BA-412E-AE14-4524EED34B7D}"
	ProjectSection(ProjectDependencies) = postProject
		{438ECB60-E207-4DB8-A46A-1EC2EA9A714A} = {438ECB60-E207-4DB8-A46A-1EC2EA9A714A}
		{C152FFE3-3C84-4957-BDCC-63334E6FFA9E} = {C152FFE3-3C84-4957-BDCC-63334E6FFA9E}
	EndProjectSection
EndProject
Project("{8BC9CEB8-8B4A-11D0-8D11-00A0C91BC942}") = "yahoo", "plugins\yahoo\yahoo.vcproj", "{51136E3D-6915-4C49-9C46-7268C525E016}"
	ProjectSection(ProjectDependencies) = postProject
		{438ECB60-E207-4DB8-A46A-1EC2EA9A714A} = {438ECB60-E207-4DB8-A46A-1EC2EA9A714A}
		{C152FFE3-3C84-4957-BDCC-63334E6FFA9E} = {C152FFE3-3C84-4957-BDCC-63334E6FFA9E}
	EndProjectSection
EndProject
Project("{8BC9CEB8-8B4A-11D0-8D11-00A0C91BC942}") = "zodiak", "plugins\zodiak\zodiak.vcproj", "{A0D57B3F-01EE-43C3-A325-2615940FBBB1}"
	ProjectSection(ProjectDependencies) = postProject
		{438ECB60-E207-4DB8-A46A-1EC2EA9A714A} = {438ECB60-E207-4DB8-A46A-1EC2EA9A714A}
		{C152FFE3-3C84-4957-BDCC-63334E6FFA9E} = {C152FFE3-3C84-4957-BDCC-63334E6FFA9E}
	EndProjectSection
EndProject
Project("{8BC9CEB8-8B4A-11D0-8D11-00A0C91BC942}") = "wood", "plugins\styles\wood\wood.vcproj", "{B5336A5B-C4AF-485A-9A31-BCB89A6EE613}"
	ProjectSection(ProjectDependencies) = postProject
		{438ECB60-E207-4DB8-A46A-1EC2EA9A714A} = {438ECB60-E207-4DB8-A46A-1EC2EA9A714A}
	EndProjectSection
EndProject
Project("{8BC9CEB8-8B4A-11D0-8D11-00A0C91BC942}") = "metal", "plugins\styles\metal\metal.vcproj", "{B731028E-4BE4-46A3-BBAA-5F47D637829E}"
	ProjectSection(ProjectDependencies) = postProject
		{438ECB60-E207-4DB8-A46A-1EC2EA9A714A} = {438ECB60-E207-4DB8-A46A-1EC2EA9A714A}
	EndProjectSection
EndProject
Project("{8BC9CEB8-8B4A-11D0-8D11-00A0C91BC942}") = "simctrl", "plugins\remote\simctrl.vcproj", "{5BED4897-E26B-4EB1-8CEB-B14EA623C8EA}"
	ProjectSection(ProjectDependencies) = postProject
		{C152FFE3-3C84-4957-BDCC-63334E6FFA9E} = {C152FFE3-3C84-4957-BDCC-63334E6FFA9E}
	EndProjectSection
EndProject
Project("{8BC9CEB8-8B4A-11D0-8D11-00A0C91BC942}") = "simext", "plugins\remote\simext.vcproj", "{44A722A5-7740-4D34-B2AE-47ACCDBDE1CF}"
	ProjectSection(ProjectDependencies) = postProject
		{C152FFE3-3C84-4957-BDCC-63334E6FFA9E} = {C152FFE3-3C84-4957-BDCC-63334E6FFA9E}
	EndProjectSection
EndProject
Project("{8BC9CEB8-8B4A-11D0-8D11-00A0C91BC942}") = "simipc", "plugins\remote\simipc.vcproj", "{71763B16-D7D9-47EC-9273-40BEB546E27A}"
	ProjectSection(ProjectDependencies) = postProject
		{F8F83E8F-435A-4717-8144-D37E1FA27DA6} = {F8F83E8F-435A-4717-8144-D37E1FA27DA6}
		{C152FFE3-3C84-4957-BDCC-63334E6FFA9E} = {C152FFE3-3C84-4957-BDCC-63334E6FFA9E}
	EndProjectSection
EndProject
Project("{8BC9CEB8-8B4A-11D0-8D11-00A0C91BC942}") = "simremote", "plugins\remote\simremote.vcproj", "{F8F83E8F-435A-4717-8144-D37E1FA27DA6}"
	ProjectSection(ProjectDependencies) = postProject
		{C152FFE3-3C84-4957-BDCC-63334E6FFA9E} = {C152FFE3-3C84-4957-BDCC-63334E6FFA9E}
	EndProjectSection
EndProject
Project("{8BC9CEB8-8B4A-11D0-8D11-00A0C91BC942}") = "simtests", "sim\simtests.vcproj", "{22C2914A-3CB0-4034-AD83-74A4CA5913F3}"
	ProjectSection(ProjectDependencies) = postProject
		{C152FFE3-3C84-4957-BDCC-63334E6FFA9E} = {C152FFE3-3C84-4957-BDCC-63334E6FFA9E}
	EndProjectSection
EndProject
Project("{8BC9CEB8-8B4A-11D0-8D11-00A0C91BC942}") = "transparent", "plugins\transparent\transparent.vcproj", "{39127936-1D9E-419F-94D5-6F4230D62191}"
	ProjectSection(ProjectDependencies) = postProject
		{438ECB60-E207-4DB8-A46A-1EC2EA9A714A} = {438ECB60-E207-4DB8-A46A-1EC2EA9A714A}
		{9204D5B1-55E6-4F3B-B373-8C3B04C53F1A} = {9204D5B1-55E6-4F3B-B373-8C3B04C53F1A}
	EndProjectSection
EndProject
Project("{8BC9CEB8-8B4A-11D0-8D11-00A0C91BC942}") = "gmock_simtest", "testing\gmock_simtest.vcproj", "{8BBCEA02-4F54-461C-9287-BCF3AD0A2DF0}"
	ProjectSection(ProjectDependencies) = postProject
		{C152FFE3-3C84-4957-BDCC-63334E6FFA9E} = {C152FFE3-3C84-4957-BDCC-63334E6FFA9E}
	EndProjectSection
EndProject
Project("{8BC9CEB8-8B4A-11D0-8D11-00A0C91BC942}") = "gmock", "C:\libraries\gmock-1.5.0\msvc\gmock.vcproj", "{34681F0D-CE45-415D-B5F2-5C662DFE3BD5}"
EndProject
Project("{8BC9CEB8-8B4A-11D0-8D11-00A0C91BC942}") = "gmock_main", "C:\libraries\gmock-1.5.0\msvc\gmock_main.vcproj", "{E4EF614B-30DF-4954-8C53-580A0BF6B589}"
EndProject
Project("{8BC9CEB8-8B4A-11D0-8D11-00A0C91BC942}") = "gmock_coretest", "testing\gmock_coretest.vcproj", "{F10D22F8-AC7B-4213-8720-608E7D878CD2}"
	ProjectSection(ProjectDependencies) = postProject
		{438ECB60-E207-4DB8-A46A-1EC2EA9A714A} = {438ECB60-E207-4DB8-A46A-1EC2EA9A714A}
	EndProjectSection
EndProject
Project("{8BC9CEB8-8B4A-11D0-8D11-00A0C91BC942}") = "gmock_icqtest", "testing\gmock_icqtest.vcproj", "{F2297104-B1CE-4543-BE82-AC7A0D85D1BA}"
	ProjectSection(ProjectDependencies) = postProject
		{BDA90145-2871-4832-AB64-87C20F0CD526} = {BDA90145-2871-4832-AB64-87C20F0CD526}
	EndProjectSection
EndProject
Project("{8BC9CEB8-8B4A-11D0-8D11-00A0C91BC942}") = "gmock_jabbertest", "testing\gmock_jabbertest.vcproj", "{0C25E0F4-6354-4F93-AFE5-EEA392D2F4E1}"
EndProject
Global
	GlobalSection(SolutionConfigurationPlatforms) = preSolution
		Debug|Win32 = Debug|Win32
		MinSizeRel|Win32 = MinSizeRel|Win32
		Release|Win32 = Release|Win32
		RelWithDebInfo|Win32 = RelWithDebInfo|Win32
	EndGlobalSection
	GlobalSection(ProjectConfigurationPlatforms) = postSolution
		{1392544A-A313-4EA6-B9C8-901452570807}.Debug|Win32.ActiveCfg = Debug|Win32
		{1392544A-A313-4EA6-B9C8-901452570807}.Debug|Win32.Build.0 = Debug|Win32
		{1392544A-A313-4EA6-B9C8-901452570807}.MinSizeRel|Win32.ActiveCfg = Release|Win32
		{1392544A-A313-4EA6-B9C8-901452570807}.Release|Win32.ActiveCfg = Release|Win32
		{1392544A-A313-4EA6-B9C8-901452570807}.Release|Win32.Build.0 = Release|Win32
		{1392544A-A313-4EA6-B9C8-901452570807}.RelWithDebInfo|Win32.ActiveCfg = Release|Win32
		{CF4E5053-D51F-4CEB-833C-C6D3233E7403}.Debug|Win32.ActiveCfg = Debug|Win32
		{CF4E5053-D51F-4CEB-833C-C6D3233E7403}.Debug|Win32.Build.0 = Debug|Win32
		{CF4E5053-D51F-4CEB-833C-C6D3233E7403}.MinSizeRel|Win32.ActiveCfg = Release|Win32
		{CF4E5053-D51F-4CEB-833C-C6D3233E7403}.Release|Win32.ActiveCfg = Release|Win32
		{CF4E5053-D51F-4CEB-833C-C6D3233E7403}.Release|Win32.Build.0 = Release|Win32
		{CF4E5053-D51F-4CEB-833C-C6D3233E7403}.RelWithDebInfo|Win32.ActiveCfg = Release|Win32
		{438ECB60-E207-4DB8-A46A-1EC2EA9A714A}.Debug|Win32.ActiveCfg = Debug|Win32
		{438ECB60-E207-4DB8-A46A-1EC2EA9A714A}.Debug|Win32.Build.0 = Debug|Win32
		{438ECB60-E207-4DB8-A46A-1EC2EA9A714A}.MinSizeRel|Win32.ActiveCfg = Debug|Win32
		{438ECB60-E207-4DB8-A46A-1EC2EA9A714A}.MinSizeRel|Win32.Build.0 = Debug|Win32
		{438ECB60-E207-4DB8-A46A-1EC2EA9A714A}.Release|Win32.ActiveCfg = Release|Win32
		{438ECB60-E207-4DB8-A46A-1EC2EA9A714A}.Release|Win32.Build.0 = Release|Win32
		{438ECB60-E207-4DB8-A46A-1EC2EA9A714A}.RelWithDebInfo|Win32.ActiveCfg = Release|Win32
		{438ECB60-E207-4DB8-A46A-1EC2EA9A714A}.RelWithDebInfo|Win32.Build.0 = Release|Win32
		{8ED9356B-88AA-4B57-BB2A-083D18BB9C41}.Debug|Win32.ActiveCfg = Debug|Win32
		{8ED9356B-88AA-4B57-BB2A-083D18BB9C41}.Debug|Win32.Build.0 = Debug|Win32
		{8ED9356B-88AA-4B57-BB2A-083D18BB9C41}.MinSizeRel|Win32.ActiveCfg = Release|Win32
		{8ED9356B-88AA-4B57-BB2A-083D18BB9C41}.Release|Win32.ActiveCfg = Release|Win32
		{8ED9356B-88AA-4B57-BB2A-083D18BB9C41}.Release|Win32.Build.0 = Release|Win32
		{8ED9356B-88AA-4B57-BB2A-083D18BB9C41}.RelWithDebInfo|Win32.ActiveCfg = Release|Win32
		{CE17E460-A8AD-4FFE-B015-A6FC62711D77}.Debug|Win32.ActiveCfg = Debug|Win32
		{CE17E460-A8AD-4FFE-B015-A6FC62711D77}.Debug|Win32.Build.0 = Debug|Win32
		{CE17E460-A8AD-4FFE-B015-A6FC62711D77}.MinSizeRel|Win32.ActiveCfg = Release|Win32
		{CE17E460-A8AD-4FFE-B015-A6FC62711D77}.Release|Win32.ActiveCfg = Release|Win32
		{CE17E460-A8AD-4FFE-B015-A6FC62711D77}.Release|Win32.Build.0 = Release|Win32
		{CE17E460-A8AD-4FFE-B015-A6FC62711D77}.RelWithDebInfo|Win32.ActiveCfg = Release|Win32
		{F669BC66-F5B8-4972-96C0-137A7D1E3C1D}.Debug|Win32.ActiveCfg = Debug|Win32
		{F669BC66-F5B8-4972-96C0-137A7D1E3C1D}.Debug|Win32.Build.0 = Debug|Win32
		{F669BC66-F5B8-4972-96C0-137A7D1E3C1D}.MinSizeRel|Win32.ActiveCfg = Release|Win32
		{F669BC66-F5B8-4972-96C0-137A7D1E3C1D}.Release|Win32.ActiveCfg = Release|Win32
		{F669BC66-F5B8-4972-96C0-137A7D1E3C1D}.Release|Win32.Build.0 = Release|Win32
		{F669BC66-F5B8-4972-96C0-137A7D1E3C1D}.RelWithDebInfo|Win32.ActiveCfg = Release|Win32
		{0C280015-23BB-49B1-9595-B31637048288}.Debug|Win32.ActiveCfg = Debug|Win32
		{0C280015-23BB-49B1-9595-B31637048288}.Debug|Win32.Build.0 = Debug|Win32
		{0C280015-23BB-49B1-9595-B31637048288}.MinSizeRel|Win32.ActiveCfg = Release|Win32
		{0C280015-23BB-49B1-9595-B31637048288}.Release|Win32.ActiveCfg = Release|Win32
		{0C280015-23BB-49B1-9595-B31637048288}.Release|Win32.Build.0 = Release|Win32
		{0C280015-23BB-49B1-9595-B31637048288}.RelWithDebInfo|Win32.ActiveCfg = Release|Win32
		{79C5410A-0F63-453C-9EB6-577A60316146}.Debug|Win32.ActiveCfg = Debug|Win32
		{79C5410A-0F63-453C-9EB6-577A60316146}.Debug|Win32.Build.0 = Debug|Win32
		{79C5410A-0F63-453C-9EB6-577A60316146}.MinSizeRel|Win32.ActiveCfg = Release|Win32
		{79C5410A-0F63-453C-9EB6-577A60316146}.Release|Win32.ActiveCfg = Release|Win32
		{79C5410A-0F63-453C-9EB6-577A60316146}.Release|Win32.Build.0 = Release|Win32
		{79C5410A-0F63-453C-9EB6-577A60316146}.RelWithDebInfo|Win32.ActiveCfg = Release|Win32
		{16084934-2715-41A5-8206-77BA3B2722FA}.Debug|Win32.ActiveCfg = Debug|Win32
		{16084934-2715-41A5-8206-77BA3B2722FA}.Debug|Win32.Build.0 = Debug|Win32
		{16084934-2715-41A5-8206-77BA3B2722FA}.MinSizeRel|Win32.ActiveCfg = Release|Win32
		{16084934-2715-41A5-8206-77BA3B2722FA}.Release|Win32.ActiveCfg = Release|Win32
		{16084934-2715-41A5-8206-77BA3B2722FA}.Release|Win32.Build.0 = Release|Win32
		{16084934-2715-41A5-8206-77BA3B2722FA}.RelWithDebInfo|Win32.ActiveCfg = Release|Win32
		{9204D5B1-55E6-4F3B-B373-8C3B04C53F1A}.Debug|Win32.ActiveCfg = Debug|Win32
		{9204D5B1-55E6-4F3B-B373-8C3B04C53F1A}.Debug|Win32.Build.0 = Debug|Win32
		{9204D5B1-55E6-4F3B-B373-8C3B04C53F1A}.MinSizeRel|Win32.ActiveCfg = Release|Win32
		{9204D5B1-55E6-4F3B-B373-8C3B04C53F1A}.Release|Win32.ActiveCfg = Release|Win32
		{9204D5B1-55E6-4F3B-B373-8C3B04C53F1A}.Release|Win32.Build.0 = Release|Win32
		{9204D5B1-55E6-4F3B-B373-8C3B04C53F1A}.RelWithDebInfo|Win32.ActiveCfg = Release|Win32
		{E01C75FA-688F-4C00-8206-4EA9D96E3D51}.Debug|Win32.ActiveCfg = Debug|Win32
		{E01C75FA-688F-4C00-8206-4EA9D96E3D51}.Debug|Win32.Build.0 = Debug|Win32
		{E01C75FA-688F-4C00-8206-4EA9D96E3D51}.MinSizeRel|Win32.ActiveCfg = Release|Win32
		{E01C75FA-688F-4C00-8206-4EA9D96E3D51}.Release|Win32.ActiveCfg = Release|Win32
		{E01C75FA-688F-4C00-8206-4EA9D96E3D51}.Release|Win32.Build.0 = Release|Win32
		{E01C75FA-688F-4C00-8206-4EA9D96E3D51}.RelWithDebInfo|Win32.ActiveCfg = Release|Win32
		{A4998686-1646-4A03-A3CE-3C7D7CE462EE}.Debug|Win32.ActiveCfg = Debug|Win32
		{A4998686-1646-4A03-A3CE-3C7D7CE462EE}.Debug|Win32.Build.0 = Debug|Win32
		{A4998686-1646-4A03-A3CE-3C7D7CE462EE}.MinSizeRel|Win32.ActiveCfg = Release|Win32
		{A4998686-1646-4A03-A3CE-3C7D7CE462EE}.Release|Win32.ActiveCfg = Release|Win32
		{A4998686-1646-4A03-A3CE-3C7D7CE462EE}.Release|Win32.Build.0 = Release|Win32
		{A4998686-1646-4A03-A3CE-3C7D7CE462EE}.RelWithDebInfo|Win32.ActiveCfg = Release|Win32
		{C2F03B07-FDA9-40C1-81AA-E97A5FE98E9D}.Debug|Win32.ActiveCfg = Debug|Win32
		{C2F03B07-FDA9-40C1-81AA-E97A5FE98E9D}.Debug|Win32.Build.0 = Debug|Win32
		{C2F03B07-FDA9-40C1-81AA-E97A5FE98E9D}.MinSizeRel|Win32.ActiveCfg = Release|Win32
		{C2F03B07-FDA9-40C1-81AA-E97A5FE98E9D}.Release|Win32.ActiveCfg = Release|Win32
		{C2F03B07-FDA9-40C1-81AA-E97A5FE98E9D}.Release|Win32.Build.0 = Release|Win32
		{C2F03B07-FDA9-40C1-81AA-E97A5FE98E9D}.RelWithDebInfo|Win32.ActiveCfg = Release|Win32
		{BDA90145-2871-4832-AB64-87C20F0CD526}.Debug|Win32.ActiveCfg = Debug|Win32
		{BDA90145-2871-4832-AB64-87C20F0CD526}.Debug|Win32.Build.0 = Debug|Win32
		{BDA90145-2871-4832-AB64-87C20F0CD526}.MinSizeRel|Win32.ActiveCfg = Debug|Win32
		{BDA90145-2871-4832-AB64-87C20F0CD526}.MinSizeRel|Win32.Build.0 = Debug|Win32
		{BDA90145-2871-4832-AB64-87C20F0CD526}.Release|Win32.ActiveCfg = Release|Win32
		{BDA90145-2871-4832-AB64-87C20F0CD526}.Release|Win32.Build.0 = Release|Win32
		{BDA90145-2871-4832-AB64-87C20F0CD526}.RelWithDebInfo|Win32.ActiveCfg = Release|Win32
		{BDA90145-2871-4832-AB64-87C20F0CD526}.RelWithDebInfo|Win32.Build.0 = Release|Win32
		{5CA24B5A-D161-41B1-8D0E-BEC53807CC0F}.Debug|Win32.ActiveCfg = Debug|Win32
		{5CA24B5A-D161-41B1-8D0E-BEC53807CC0F}.Debug|Win32.Build.0 = Debug|Win32
		{5CA24B5A-D161-41B1-8D0E-BEC53807CC0F}.MinSizeRel|Win32.ActiveCfg = Release|Win32
		{5CA24B5A-D161-41B1-8D0E-BEC53807CC0F}.MinSizeRel|Win32.Build.0 = Release|Win32
		{5CA24B5A-D161-41B1-8D0E-BEC53807CC0F}.Release|Win32.ActiveCfg = Release|Win32
		{5CA24B5A-D161-41B1-8D0E-BEC53807CC0F}.Release|Win32.Build.0 = Release|Win32
		{5CA24B5A-D161-41B1-8D0E-BEC53807CC0F}.RelWithDebInfo|Win32.ActiveCfg = Release|Win32
		{5CA24B5A-D161-41B1-8D0E-BEC53807CC0F}.RelWithDebInfo|Win32.Build.0 = Release|Win32
		{5F8030EE-C6ED-4B41-A733-99270E4482C4}.Debug|Win32.ActiveCfg = Debug|Win32
		{5F8030EE-C6ED-4B41-A733-99270E4482C4}.Debug|Win32.Build.0 = Debug|Win32
		{5F8030EE-C6ED-4B41-A733-99270E4482C4}.MinSizeRel|Win32.ActiveCfg = Release|Win32
		{5F8030EE-C6ED-4B41-A733-99270E4482C4}.Release|Win32.ActiveCfg = Release|Win32
		{5F8030EE-C6ED-4B41-A733-99270E4482C4}.Release|Win32.Build.0 = Release|Win32
		{5F8030EE-C6ED-4B41-A733-99270E4482C4}.RelWithDebInfo|Win32.ActiveCfg = Release|Win32
		{ADB0F409-4880-4887-8B38-1DE8E53408B5}.Debug|Win32.ActiveCfg = Debug|Win32
		{ADB0F409-4880-4887-8B38-1DE8E53408B5}.Debug|Win32.Build.0 = Debug|Win32
		{ADB0F409-4880-4887-8B38-1DE8E53408B5}.MinSizeRel|Win32.ActiveCfg = Release|Win32
		{ADB0F409-4880-4887-8B38-1DE8E53408B5}.Release|Win32.ActiveCfg = Release|Win32
		{ADB0F409-4880-4887-8B38-1DE8E53408B5}.Release|Win32.Build.0 = Release|Win32
		{ADB0F409-4880-4887-8B38-1DE8E53408B5}.RelWithDebInfo|Win32.ActiveCfg = Release|Win32
		{55C7576B-D370-4811-ABFB-F911D2410E5C}.Debug|Win32.ActiveCfg = Debug|Win32
		{55C7576B-D370-4811-ABFB-F911D2410E5C}.Debug|Win32.Build.0 = Debug|Win32
		{55C7576B-D370-4811-ABFB-F911D2410E5C}.MinSizeRel|Win32.ActiveCfg = Release|Win32
		{55C7576B-D370-4811-ABFB-F911D2410E5C}.Release|Win32.ActiveCfg = Release|Win32
		{55C7576B-D370-4811-ABFB-F911D2410E5C}.Release|Win32.Build.0 = Release|Win32
		{55C7576B-D370-4811-ABFB-F911D2410E5C}.RelWithDebInfo|Win32.ActiveCfg = Release|Win32
		{AABD39D5-DB6F-43F6-A980-A1BC1132A9F2}.Debug|Win32.ActiveCfg = Debug|Win32
		{AABD39D5-DB6F-43F6-A980-A1BC1132A9F2}.Debug|Win32.Build.0 = Debug|Win32
		{AABD39D5-DB6F-43F6-A980-A1BC1132A9F2}.MinSizeRel|Win32.ActiveCfg = Release|Win32
		{AABD39D5-DB6F-43F6-A980-A1BC1132A9F2}.Release|Win32.ActiveCfg = Release|Win32
		{AABD39D5-DB6F-43F6-A980-A1BC1132A9F2}.Release|Win32.Build.0 = Release|Win32
		{AABD39D5-DB6F-43F6-A980-A1BC1132A9F2}.RelWithDebInfo|Win32.ActiveCfg = Release|Win32
		{6136531A-4E7C-41BD-856B-2749FDAF44B1}.Debug|Win32.ActiveCfg = Debug|Win32
		{6136531A-4E7C-41BD-856B-2749FDAF44B1}.Debug|Win32.Build.0 = Debug|Win32
		{6136531A-4E7C-41BD-856B-2749FDAF44B1}.MinSizeRel|Win32.ActiveCfg = Release|Win32
		{6136531A-4E7C-41BD-856B-2749FDAF44B1}.Release|Win32.ActiveCfg = Release|Win32
		{6136531A-4E7C-41BD-856B-2749FDAF44B1}.Release|Win32.Build.0 = Release|Win32
		{6136531A-4E7C-41BD-856B-2749FDAF44B1}.RelWithDebInfo|Win32.ActiveCfg = Release|Win32
		{1447D222-8829-4F93-B8BF-1636C0E2C4CF}.Debug|Win32.ActiveCfg = Debug|Win32
		{1447D222-8829-4F93-B8BF-1636C0E2C4CF}.Debug|Win32.Build.0 = Debug|Win32
		{1447D222-8829-4F93-B8BF-1636C0E2C4CF}.MinSizeRel|Win32.ActiveCfg = Release|Win32
		{1447D222-8829-4F93-B8BF-1636C0E2C4CF}.Release|Win32.ActiveCfg = Release|Win32
		{1447D222-8829-4F93-B8BF-1636C0E2C4CF}.Release|Win32.Build.0 = Release|Win32
		{1447D222-8829-4F93-B8BF-1636C0E2C4CF}.RelWithDebInfo|Win32.ActiveCfg = Release|Win32
		{93701E41-C716-4345-A1CF-59300BEED9A8}.Debug|Win32.ActiveCfg = Debug|Win32
		{93701E41-C716-4345-A1CF-59300BEED9A8}.Debug|Win32.Build.0 = Debug|Win32
		{93701E41-C716-4345-A1CF-59300BEED9A8}.MinSizeRel|Win32.ActiveCfg = Release|Win32
		{93701E41-C716-4345-A1CF-59300BEED9A8}.Release|Win32.ActiveCfg = Release|Win32
		{93701E41-C716-4345-A1CF-59300BEED9A8}.Release|Win32.Build.0 = Release|Win32
		{93701E41-C716-4345-A1CF-59300BEED9A8}.RelWithDebInfo|Win32.ActiveCfg = Release|Win32
		{770A6EF4-5C46-4471-A369-7095C773063E}.Debug|Win32.ActiveCfg = Debug|Win32
		{770A6EF4-5C46-4471-A369-7095C773063E}.Debug|Win32.Build.0 = Debug|Win32
		{770A6EF4-5C46-4471-A369-7095C773063E}.MinSizeRel|Win32.ActiveCfg = Release|Win32
		{770A6EF4-5C46-4471-A369-7095C773063E}.Release|Win32.ActiveCfg = Release|Win32
		{770A6EF4-5C46-4471-A369-7095C773063E}.Release|Win32.Build.0 = Release|Win32
		{770A6EF4-5C46-4471-A369-7095C773063E}.RelWithDebInfo|Win32.ActiveCfg = Release|Win32
		{B9BEA7D7-C7E8-42D2-85DF-801FA70D6F5B}.Debug|Win32.ActiveCfg = Debug|Win32
		{B9BEA7D7-C7E8-42D2-85DF-801FA70D6F5B}.Debug|Win32.Build.0 = Debug|Win32
		{B9BEA7D7-C7E8-42D2-85DF-801FA70D6F5B}.MinSizeRel|Win32.ActiveCfg = Release|Win32
		{B9BEA7D7-C7E8-42D2-85DF-801FA70D6F5B}.Release|Win32.ActiveCfg = Release|Win32
		{B9BEA7D7-C7E8-42D2-85DF-801FA70D6F5B}.Release|Win32.Build.0 = Release|Win32
		{B9BEA7D7-C7E8-42D2-85DF-801FA70D6F5B}.RelWithDebInfo|Win32.ActiveCfg = Release|Win32
		{54EB786B-2F50-4E08-BF00-D2A38CCC4D37}.Debug|Win32.ActiveCfg = Debug|Win32
		{54EB786B-2F50-4E08-BF00-D2A38CCC4D37}.Debug|Win32.Build.0 = Debug|Win32
		{54EB786B-2F50-4E08-BF00-D2A38CCC4D37}.MinSizeRel|Win32.ActiveCfg = Release|Win32
		{54EB786B-2F50-4E08-BF00-D2A38CCC4D37}.Release|Win32.ActiveCfg = Release|Win32
		{54EB786B-2F50-4E08-BF00-D2A38CCC4D37}.Release|Win32.Build.0 = Release|Win32
		{54EB786B-2F50-4E08-BF00-D2A38CCC4D37}.RelWithDebInfo|Win32.ActiveCfg = Release|Win32
		{DAA8DD15-2B68-4660-BA90-CC72C2E263C9}.Debug|Win32.ActiveCfg = Debug|Win32
		{DAA8DD15-2B68-4660-BA90-CC72C2E263C9}.Debug|Win32.Build.0 = Debug|Win32
		{DAA8DD15-2B68-4660-BA90-CC72C2E263C9}.MinSizeRel|Win32.ActiveCfg = Release|Win32
		{DAA8DD15-2B68-4660-BA90-CC72C2E263C9}.Release|Win32.ActiveCfg = Release|Win32
		{DAA8DD15-2B68-4660-BA90-CC72C2E263C9}.Release|Win32.Build.0 = Release|Win32
		{DAA8DD15-2B68-4660-BA90-CC72C2E263C9}.RelWithDebInfo|Win32.ActiveCfg = Release|Win32
		{C152FFE3-3C84-4957-BDCC-63334E6FFA9E}.Debug|Win32.ActiveCfg = Debug|Win32
		{C152FFE3-3C84-4957-BDCC-63334E6FFA9E}.Debug|Win32.Build.0 = Debug|Win32
		{C152FFE3-3C84-4957-BDCC-63334E6FFA9E}.MinSizeRel|Win32.ActiveCfg = Debug|Win32
		{C152FFE3-3C84-4957-BDCC-63334E6FFA9E}.MinSizeRel|Win32.Build.0 = Debug|Win32
		{C152FFE3-3C84-4957-BDCC-63334E6FFA9E}.Release|Win32.ActiveCfg = Release|Win32
		{C152FFE3-3C84-4957-BDCC-63334E6FFA9E}.Release|Win32.Build.0 = Release|Win32
		{C152FFE3-3C84-4957-BDCC-63334E6FFA9E}.RelWithDebInfo|Win32.ActiveCfg = Release|Win32
		{C152FFE3-3C84-4957-BDCC-63334E6FFA9E}.RelWithDebInfo|Win32.Build.0 = Release|Win32
		{A5B0A6B1-9D82-441E-9C14-120A0CE1630D}.Debug|Win32.ActiveCfg = Debug|Win32
		{A5B0A6B1-9D82-441E-9C14-120A0CE1630D}.Debug|Win32.Build.0 = Debug|Win32
		{A5B0A6B1-9D82-441E-9C14-120A0CE1630D}.MinSizeRel|Win32.ActiveCfg = Release|Win32
		{A5B0A6B1-9D82-441E-9C14-120A0CE1630D}.Release|Win32.ActiveCfg = Release|Win32
		{A5B0A6B1-9D82-441E-9C14-120A0CE1630D}.Release|Win32.Build.0 = Release|Win32
		{A5B0A6B1-9D82-441E-9C14-120A0CE1630D}.RelWithDebInfo|Win32.ActiveCfg = Release|Win32
		{A601598F-D37E-4161-9512-DFB4E2EE3ACB}.Debug|Win32.ActiveCfg = Debug|Win32
		{A601598F-D37E-4161-9512-DFB4E2EE3ACB}.Debug|Win32.Build.0 = Debug|Win32
		{A601598F-D37E-4161-9512-DFB4E2EE3ACB}.MinSizeRel|Win32.ActiveCfg = Release|Win32
		{A601598F-D37E-4161-9512-DFB4E2EE3ACB}.Release|Win32.ActiveCfg = Release|Win32
		{A601598F-D37E-4161-9512-DFB4E2EE3ACB}.Release|Win32.Build.0 = Release|Win32
		{A601598F-D37E-4161-9512-DFB4E2EE3ACB}.RelWithDebInfo|Win32.ActiveCfg = Release|Win32
		{ED390F62-EE26-416C-A501-80EC38BEBDA0}.Debug|Win32.ActiveCfg = Debug|Win32
		{ED390F62-EE26-416C-A501-80EC38BEBDA0}.Debug|Win32.Build.0 = Debug|Win32
		{ED390F62-EE26-416C-A501-80EC38BEBDA0}.MinSizeRel|Win32.ActiveCfg = Release|Win32
		{ED390F62-EE26-416C-A501-80EC38BEBDA0}.Release|Win32.ActiveCfg = Release|Win32
		{ED390F62-EE26-416C-A501-80EC38BEBDA0}.Release|Win32.Build.0 = Release|Win32
		{ED390F62-EE26-416C-A501-80EC38BEBDA0}.RelWithDebInfo|Win32.ActiveCfg = Release|Win32
		{3F562E9B-B0CB-4D06-9DE2-F28C3066BD6F}.Debug|Win32.ActiveCfg = Debug|Win32
		{3F562E9B-B0CB-4D06-9DE2-F28C3066BD6F}.Debug|Win32.Build.0 = Debug|Win32
		{3F562E9B-B0CB-4D06-9DE2-F28C3066BD6F}.MinSizeRel|Win32.ActiveCfg = Release|Win32
		{3F562E9B-B0CB-4D06-9DE2-F28C3066BD6F}.Release|Win32.ActiveCfg = Release|Win32
		{3F562E9B-B0CB-4D06-9DE2-F28C3066BD6F}.Release|Win32.Build.0 = Release|Win32
		{3F562E9B-B0CB-4D06-9DE2-F28C3066BD6F}.RelWithDebInfo|Win32.ActiveCfg = Release|Win32
		{C78169EE-7720-4DA2-B62B-30BC73E91CE0}.Debug|Win32.ActiveCfg = Debug|Win32
		{C78169EE-7720-4DA2-B62B-30BC73E91CE0}.Debug|Win32.Build.0 = Debug|Win32
		{C78169EE-7720-4DA2-B62B-30BC73E91CE0}.MinSizeRel|Win32.ActiveCfg = Release|Win32
		{C78169EE-7720-4DA2-B62B-30BC73E91CE0}.Release|Win32.ActiveCfg = Release|Win32
		{C78169EE-7720-4DA2-B62B-30BC73E91CE0}.Release|Win32.Build.0 = Release|Win32
		{C78169EE-7720-4DA2-B62B-30BC73E91CE0}.RelWithDebInfo|Win32.ActiveCfg = Release|Win32
		{C0B42E01-C6EF-478F-87E5-406CD89E31D6}.Debug|Win32.ActiveCfg = Debug|Win32
		{C0B42E01-C6EF-478F-87E5-406CD89E31D6}.Debug|Win32.Build.0 = Debug|Win32
		{C0B42E01-C6EF-478F-87E5-406CD89E31D6}.MinSizeRel|Win32.ActiveCfg = Release|Win32
		{C0B42E01-C6EF-478F-87E5-406CD89E31D6}.Release|Win32.ActiveCfg = Release|Win32
		{C0B42E01-C6EF-478F-87E5-406CD89E31D6}.Release|Win32.Build.0 = Release|Win32
		{C0B42E01-C6EF-478F-87E5-406CD89E31D6}.RelWithDebInfo|Win32.ActiveCfg = Release|Win32
		{CD684F73-6869-4873-9086-15AB68D6A485}.Debug|Win32.ActiveCfg = Debug|Win32
		{CD684F73-6869-4873-9086-15AB68D6A485}.Debug|Win32.Build.0 = Debug|Win32
		{CD684F73-6869-4873-9086-15AB68D6A485}.MinSizeRel|Win32.ActiveCfg = Release|Win32
		{CD684F73-6869-4873-9086-15AB68D6A485}.Release|Win32.ActiveCfg = Release|Win32
		{CD684F73-6869-4873-9086-15AB68D6A485}.Release|Win32.Build.0 = Release|Win32
		{CD684F73-6869-4873-9086-15AB68D6A485}.RelWithDebInfo|Win32.ActiveCfg = Release|Win32
		{ED537124-81BA-412E-AE14-4524EED34B7D}.Debug|Win32.ActiveCfg = Debug|Win32
		{ED537124-81BA-412E-AE14-4524EED34B7D}.Debug|Win32.Build.0 = Debug|Win32
		{ED537124-81BA-412E-AE14-4524EED34B7D}.MinSizeRel|Win32.ActiveCfg = Release|Win32
		{ED537124-81BA-412E-AE14-4524EED34B7D}.Release|Win32.ActiveCfg = Release|Win32
		{ED537124-81BA-412E-AE14-4524EED34B7D}.Release|Win32.Build.0 = Release|Win32
		{ED537124-81BA-412E-AE14-4524EED34B7D}.RelWithDebInfo|Win32.ActiveCfg = Release|Win32
		{51136E3D-6915-4C49-9C46-7268C525E016}.Debug|Win32.ActiveCfg = Debug|Win32
		{51136E3D-6915-4C49-9C46-7268C525E016}.Debug|Win32.Build.0 = Debug|Win32
		{51136E3D-6915-4C49-9C46-7268C525E016}.MinSizeRel|Win32.ActiveCfg = Release|Win32
		{51136E3D-6915-4C49-9C46-7268C525E016}.Release|Win32.ActiveCfg = Release|Win32
		{51136E3D-6915-4C49-9C46-7268C525E016}.Release|Win32.Build.0 = Release|Win32
		{51136E3D-6915-4C49-9C46-7268C525E016}.RelWithDebInfo|Win32.ActiveCfg = Release|Win32
		{A0D57B3F-01EE-43C3-A325-2615940FBBB1}.Debug|Win32.ActiveCfg = Debug|Win32
		{A0D57B3F-01EE-43C3-A325-2615940FBBB1}.Debug|Win32.Build.0 = Debug|Win32
		{A0D57B3F-01EE-43C3-A325-2615940FBBB1}.MinSizeRel|Win32.ActiveCfg = Release|Win32
		{A0D57B3F-01EE-43C3-A325-2615940FBBB1}.Release|Win32.ActiveCfg = Release|Win32
		{A0D57B3F-01EE-43C3-A325-2615940FBBB1}.Release|Win32.Build.0 = Release|Win32
		{A0D57B3F-01EE-43C3-A325-2615940FBBB1}.RelWithDebInfo|Win32.ActiveCfg = Release|Win32
		{B5336A5B-C4AF-485A-9A31-BCB89A6EE613}.Debug|Win32.ActiveCfg = Debug|Win32
		{B5336A5B-C4AF-485A-9A31-BCB89A6EE613}.Debug|Win32.Build.0 = Debug|Win32
		{B5336A5B-C4AF-485A-9A31-BCB89A6EE613}.MinSizeRel|Win32.ActiveCfg = Release|Win32
		{B5336A5B-C4AF-485A-9A31-BCB89A6EE613}.Release|Win32.ActiveCfg = Release|Win32
		{B5336A5B-C4AF-485A-9A31-BCB89A6EE613}.Release|Win32.Build.0 = Release|Win32
		{B5336A5B-C4AF-485A-9A31-BCB89A6EE613}.RelWithDebInfo|Win32.ActiveCfg = Release|Win32
		{B731028E-4BE4-46A3-BBAA-5F47D637829E}.Debug|Win32.ActiveCfg = Debug|Win32
		{B731028E-4BE4-46A3-BBAA-5F47D637829E}.Debug|Win32.Build.0 = Debug|Win32
		{B731028E-4BE4-46A3-BBAA-5F47D637829E}.MinSizeRel|Win32.ActiveCfg = Release|Win32
		{B731028E-4BE4-46A3-BBAA-5F47D637829E}.Release|Win32.ActiveCfg = Release|Win32
		{B731028E-4BE4-46A3-BBAA-5F47D637829E}.Release|Win32.Build.0 = Release|Win32
		{B731028E-4BE4-46A3-BBAA-5F47D637829E}.RelWithDebInfo|Win32.ActiveCfg = Release|Win32
		{5BED4897-E26B-4EB1-8CEB-B14EA623C8EA}.Debug|Win32.ActiveCfg = Debug|Win32
		{5BED4897-E26B-4EB1-8CEB-B14EA623C8EA}.Debug|Win32.Build.0 = Debug|Win32
		{5BED4897-E26B-4EB1-8CEB-B14EA623C8EA}.MinSizeRel|Win32.ActiveCfg = Release|Win32
		{5BED4897-E26B-4EB1-8CEB-B14EA623C8EA}.Release|Win32.ActiveCfg = Release|Win32
		{5BED4897-E26B-4EB1-8CEB-B14EA623C8EA}.Release|Win32.Build.0 = Release|Win32
		{5BED4897-E26B-4EB1-8CEB-B14EA623C8EA}.RelWithDebInfo|Win32.ActiveCfg = Release|Win32
		{44A722A5-7740-4D34-B2AE-47ACCDBDE1CF}.Debug|Win32.ActiveCfg = Debug|Win32
		{44A722A5-7740-4D34-B2AE-47ACCDBDE1CF}.Debug|Win32.Build.0 = Debug|Win32
		{44A722A5-7740-4D34-B2AE-47ACCDBDE1CF}.MinSizeRel|Win32.ActiveCfg = Release|Win32
		{44A722A5-7740-4D34-B2AE-47ACCDBDE1CF}.Release|Win32.ActiveCfg = Release|Win32
		{44A722A5-7740-4D34-B2AE-47ACCDBDE1CF}.Release|Win32.Build.0 = Release|Win32
		{44A722A5-7740-4D34-B2AE-47ACCDBDE1CF}.RelWithDebInfo|Win32.ActiveCfg = Release|Win32
		{71763B16-D7D9-47EC-9273-40BEB546E27A}.Debug|Win32.ActiveCfg = Debug|Win32
		{71763B16-D7D9-47EC-9273-40BEB546E27A}.Debug|Win32.Build.0 = Debug|Win32
		{71763B16-D7D9-47EC-9273-40BEB546E27A}.MinSizeRel|Win32.ActiveCfg = Release|Win32
		{71763B16-D7D9-47EC-9273-40BEB546E27A}.Release|Win32.ActiveCfg = Release|Win32
		{71763B16-D7D9-47EC-9273-40BEB546E27A}.Release|Win32.Build.0 = Release|Win32
		{71763B16-D7D9-47EC-9273-40BEB546E27A}.RelWithDebInfo|Win32.ActiveCfg = Release|Win32
		{F8F83E8F-435A-4717-8144-D37E1FA27DA6}.Debug|Win32.ActiveCfg = Debug|Win32
		{F8F83E8F-435A-4717-8144-D37E1FA27DA6}.Debug|Win32.Build.0 = Debug|Win32
		{F8F83E8F-435A-4717-8144-D37E1FA27DA6}.MinSizeRel|Win32.ActiveCfg = Release|Win32
		{F8F83E8F-435A-4717-8144-D37E1FA27DA6}.Release|Win32.ActiveCfg = Release|Win32
		{F8F83E8F-435A-4717-8144-D37E1FA27DA6}.Release|Win32.Build.0 = Release|Win32
		{F8F83E8F-435A-4717-8144-D37E1FA27DA6}.RelWithDebInfo|Win32.ActiveCfg = Release|Win32
		{22C2914A-3CB0-4034-AD83-74A4CA5913F3}.Debug|Win32.ActiveCfg = Debug|Win32
		{22C2914A-3CB0-4034-AD83-74A4CA5913F3}.Debug|Win32.Build.0 = Debug|Win32
		{22C2914A-3CB0-4034-AD83-74A4CA5913F3}.MinSizeRel|Win32.ActiveCfg = Release|Win32
		{22C2914A-3CB0-4034-AD83-74A4CA5913F3}.Release|Win32.ActiveCfg = Release|Win32
		{22C2914A-3CB0-4034-AD83-74A4CA5913F3}.Release|Win32.Build.0 = Release|Win32
		{22C2914A-3CB0-4034-AD83-74A4CA5913F3}.RelWithDebInfo|Win32.ActiveCfg = Release|Win32
		{39127936-1D9E-419F-94D5-6F4230D62191}.Debug|Win32.ActiveCfg = Debug|Win32
		{39127936-1D9E-419F-94D5-6F4230D62191}.Debug|Win32.Build.0 = Debug|Win32
		{39127936-1D9E-419F-94D5-6F4230D62191}.MinSizeRel|Win32.ActiveCfg = Release|Win32
		{39127936-1D9E-419F-94D5-6F4230D62191}.Release|Win32.ActiveCfg = Release|Win32
		{39127936-1D9E-419F-94D5-6F4230D62191}.Release|Win32.Build.0 = Release|Win32
		{39127936-1D9E-419F-94D5-6F4230D62191}.RelWithDebInfo|Win32.ActiveCfg = Release|Win32
		{8BBCEA02-4F54-461C-9287-BCF3AD0A2DF0}.Debug|Win32.ActiveCfg = Debug|Win32
		{8BBCEA02-4F54-461C-9287-BCF3AD0A2DF0}.Debug|Win32.Build.0 = Debug|Win32
		{8BBCEA02-4F54-461C-9287-BCF3AD0A2DF0}.MinSizeRel|Win32.ActiveCfg = Release|Win32
		{8BBCEA02-4F54-461C-9287-BCF3AD0A2DF0}.MinSizeRel|Win32.Build.0 = Release|Win32
		{8BBCEA02-4F54-461C-9287-BCF3AD0A2DF0}.Release|Win32.ActiveCfg = Release|Win32
		{8BBCEA02-4F54-461C-9287-BCF3AD0A2DF0}.Release|Win32.Build.0 = Release|Win32
		{8BBCEA02-4F54-461C-9287-BCF3AD0A2DF0}.RelWithDebInfo|Win32.ActiveCfg = Release|Win32
		{8BBCEA02-4F54-461C-9287-BCF3AD0A2DF0}.RelWithDebInfo|Win32.Build.0 = Release|Win32
		{34681F0D-CE45-415D-B5F2-5C662DFE3BD5}.Debug|Win32.ActiveCfg = Debug|Win32
		{34681F0D-CE45-415D-B5F2-5C662DFE3BD5}.Debug|Win32.Build.0 = Debug|Win32
		{34681F0D-CE45-415D-B5F2-5C662DFE3BD5}.MinSizeRel|Win32.ActiveCfg = Release|Win32
		{34681F0D-CE45-415D-B5F2-5C662DFE3BD5}.MinSizeRel|Win32.Build.0 = Release|Win32
		{34681F0D-CE45-415D-B5F2-5C662DFE3BD5}.Release|Win32.ActiveCfg = Release|Win32
		{34681F0D-CE45-415D-B5F2-5C662DFE3BD5}.Release|Win32.Build.0 = Release|Win32
		{34681F0D-CE45-415D-B5F2-5C662DFE3BD5}.RelWithDebInfo|Win32.ActiveCfg = Release|Win32
		{34681F0D-CE45-415D-B5F2-5C662DFE3BD5}.RelWithDebInfo|Win32.Build.0 = Release|Win32
		{E4EF614B-30DF-4954-8C53-580A0BF6B589}.Debug|Win32.ActiveCfg = Debug|Win32
		{E4EF614B-30DF-4954-8C53-580A0BF6B589}.Debug|Win32.Build.0 = Debug|Win32
		{E4EF614B-30DF-4954-8C53-580A0BF6B589}.MinSizeRel|Win32.ActiveCfg = Release|Win32
		{E4EF614B-30DF-4954-8C53-580A0BF6B589}.MinSizeRel|Win32.Build.0 = Release|Win32
		{E4EF614B-30DF-4954-8C53-580A0BF6B589}.Release|Win32.ActiveCfg = Release|Win32
		{E4EF614B-30DF-4954-8C53-580A0BF6B589}.Release|Win32.Build.0 = Release|Win32
		{E4EF614B-30DF-4954-8C53-580A0BF6B589}.RelWithDebInfo|Win32.ActiveCfg = Release|Win32
		{E4EF614B-30DF-4954-8C53-580A0BF6B589}.RelWithDebInfo|Win32.Build.0 = Release|Win32
		{F10D22F8-AC7B-4213-8720-608E7D878CD2}.Debug|Win32.ActiveCfg = Debug|Win32
		{F10D22F8-AC7B-4213-8720-608E7D878CD2}.Debug|Win32.Build.0 = Debug|Win32
		{F10D22F8-AC7B-4213-8720-608E7D878CD2}.MinSizeRel|Win32.ActiveCfg = Release|Win32
		{F10D22F8-AC7B-4213-8720-608E7D878CD2}.MinSizeRel|Win32.Build.0 = Release|Win32
		{F10D22F8-AC7B-4213-8720-608E7D878CD2}.Release|Win32.ActiveCfg = Release|Win32
		{F10D22F8-AC7B-4213-8720-608E7D878CD2}.Release|Win32.Build.0 = Release|Win32
		{F10D22F8-AC7B-4213-8720-608E7D878CD2}.RelWithDebInfo|Win32.ActiveCfg = Release|Win32
		{F10D22F8-AC7B-4213-8720-608E7D878CD2}.RelWithDebInfo|Win32.Build.0 = Release|Win32
		{F2297104-B1CE-4543-BE82-AC7A0D85D1BA}.Debug|Win32.ActiveCfg = Debug|Win32
		{F2297104-B1CE-4543-BE82-AC7A0D85D1BA}.Debug|Win32.Build.0 = Debug|Win32
		{F2297104-B1CE-4543-BE82-AC7A0D85D1BA}.MinSizeRel|Win32.ActiveCfg = Release|Win32
		{F2297104-B1CE-4543-BE82-AC7A0D85D1BA}.MinSizeRel|Win32.Build.0 = Release|Win32
		{F2297104-B1CE-4543-BE82-AC7A0D85D1BA}.Release|Win32.ActiveCfg = Release|Win32
		{F2297104-B1CE-4543-BE82-AC7A0D85D1BA}.Release|Win32.Build.0 = Release|Win32
		{F2297104-B1CE-4543-BE82-AC7A0D85D1BA}.RelWithDebInfo|Win32.ActiveCfg = Release|Win32
		{F2297104-B1CE-4543-BE82-AC7A0D85D1BA}.RelWithDebInfo|Win32.Build.0 = Release|Win32
		{0C25E0F4-6354-4F93-AFE5-EEA392D2F4E1}.Debug|Win32.ActiveCfg = Debug|Win32
		{0C25E0F4-6354-4F93-AFE5-EEA392D2F4E1}.Debug|Win32.Build.0 = Debug|Win32
		{0C25E0F4-6354-4F93-AFE5-EEA392D2F4E1}.MinSizeRel|Win32.ActiveCfg = Release|Win32
		{0C25E0F4-6354-4F93-AFE5-EEA392D2F4E1}.MinSizeRel|Win32.Build.0 = Release|Win32
		{0C25E0F4-6354-4F93-AFE5-EEA392D2F4E1}.Release|Win32.ActiveCfg = Release|Win32
		{0C25E0F4-6354-4F93-AFE5-EEA392D2F4E1}.Release|Win32.Build.0 = Release|Win32
		{0C25E0F4-6354-4F93-AFE5-EEA392D2F4E1}.RelWithDebInfo|Win32.ActiveCfg = Release|Win32
		{0C25E0F4-6354-4F93-AFE5-EEA392D2F4E1}.RelWithDebInfo|Win32.Build.0 = Release|Win32
	EndGlobalSection
	GlobalSection(SolutionProperties) = preSolution
		HideSolutionNode = FALSE
	EndGlobalSection
EndGlobal
